
Microsoft Visual Studio Solution File, Format Version 12.00
# Visual Studio Version 16
VisualStudioVersion = 16.0.31729.503
MinimumVisualStudioVersion = 10.0.40219.1
Project("{9A19103F-16F7-4668-BE54-9A1E7A4F7556}") = "Gisa.WebSite", "Gisa.WebSite\Gisa.WebSite.csproj", "{A43BC45F-7353-40FE-AD53-AD31FF1ECE36}"
EndProject
Project("{2150E333-8FDC-42A3-9474-1A3956D46DE8}") = "UI", "UI", "{C0CF0E6E-B18D-482E-B1C0-20B4E03291B4}"
EndProject
Project("{2150E333-8FDC-42A3-9474-1A3956D46DE8}") = "Integration", "Integration", "{10D16EA6-454E-4E66-9282-879C52A00C6B}"
EndProject
Project("{9A19103F-16F7-4668-BE54-9A1E7A4F7556}") = "Gisa.WebApi", "Gisa.WebApi\Gisa.WebApi.csproj", "{87030585-AB94-48C5-A2D4-EEACA260A9A5}"
EndProject
Project("{2150E333-8FDC-42A3-9474-1A3956D46DE8}") = "Domain", "Domain", "{A109BD4A-7173-4A91-8EC5-E52488DAB998}"
EndProject
Project("{2150E333-8FDC-42A3-9474-1A3956D46DE8}") = "Repositories", "Repositories", "{D49EAB50-056A-440E-B19B-89E7857DE7CD}"
EndProject
Project("{9A19103F-16F7-4668-BE54-9A1E7A4F7556}") = "Gisa.Domain", "Gisa.Domain\Gisa.Domain.csproj", "{F75DAE58-C86F-41E2-8EE6-F822E48BBDA4}"
EndProject
Project("{9A19103F-16F7-4668-BE54-9A1E7A4F7556}") = "Gisa.MockRepository", "Gisa.MockRepository\Gisa.MockRepository.csproj", "{67DEC0AD-3297-4878-BA44-7389DEB51E4B}"
EndProject
Project("{9A19103F-16F7-4668-BE54-9A1E7A4F7556}") = "Gisa.SqlRepository", "Gisa.SqlRepository\Gisa.SqlRepository.csproj", "{387CBEF5-A02C-4E34-95BD-7CCC3833037E}"
EndProject
Project("{2150E333-8FDC-42A3-9474-1A3956D46DE8}") = "Service", "Service", "{B2E7BD5E-FFEA-4451-9077-9BF6F550F01F}"
EndProject
Project("{9A19103F-16F7-4668-BE54-9A1E7A4F7556}") = "Gisa.Service", "Gisa.Service\Gisa.Service.csproj", "{6F961334-BA52-4360-AE48-052B4FBCC82D}"
EndProject
Project("{9A19103F-16F7-4668-BE54-9A1E7A4F7556}") = "Gisa.Adapter", "Gisa.SAF\Gisa.Adapter.csproj", "{A9F5205F-4721-4707-B662-2514609676D5}"
EndProject
Project("{2150E333-8FDC-42A3-9474-1A3956D46DE8}") = "Tests", "Tests", "{46FAA39D-A5F1-4162-BB79-BC23E1651147}"
EndProject
Project("{9A19103F-16F7-4668-BE54-9A1E7A4F7556}") = "Gisa.Test", "Gisa.Test\Gisa.Test.csproj", "{DDCED10A-DD30-4188-AC08-74C4699795F2}"
EndProject
Project("{9A19103F-16F7-4668-BE54-9A1E7A4F7556}") = "Gisa.Kafka", "Gisa.Kafka\Gisa.Kafka.csproj", "{287117E6-439A-4537-B9F8-BB9DA765C22F}"
EndProject
Global
	GlobalSection(SolutionConfigurationPlatforms) = preSolution
		Debug|Any CPU = Debug|Any CPU
		Release|Any CPU = Release|Any CPU
	EndGlobalSection
	GlobalSection(ProjectConfigurationPlatforms) = postSolution
		{A43BC45F-7353-40FE-AD53-AD31FF1ECE36}.Debug|Any CPU.ActiveCfg = Debug|Any CPU
		{A43BC45F-7353-40FE-AD53-AD31FF1ECE36}.Debug|Any CPU.Build.0 = Debug|Any CPU
		{A43BC45F-7353-40FE-AD53-AD31FF1ECE36}.Release|Any CPU.ActiveCfg = Release|Any CPU
		{A43BC45F-7353-40FE-AD53-AD31FF1ECE36}.Release|Any CPU.Build.0 = Release|Any CPU
		{87030585-AB94-48C5-A2D4-EEACA260A9A5}.Debug|Any CPU.ActiveCfg = Debug|Any CPU
		{87030585-AB94-48C5-A2D4-EEACA260A9A5}.Debug|Any CPU.Build.0 = Debug|Any CPU
		{87030585-AB94-48C5-A2D4-EEACA260A9A5}.Release|Any CPU.ActiveCfg = Release|Any CPU
		{87030585-AB94-48C5-A2D4-EEACA260A9A5}.Release|Any CPU.Build.0 = Release|Any CPU
		{F75DAE58-C86F-41E2-8EE6-F822E48BBDA4}.Debug|Any CPU.ActiveCfg = Debug|Any CPU
		{F75DAE58-C86F-41E2-8EE6-F822E48BBDA4}.Debug|Any CPU.Build.0 = Debug|Any CPU
		{F75DAE58-C86F-41E2-8EE6-F822E48BBDA4}.Release|Any CPU.ActiveCfg = Release|Any CPU
		{F75DAE58-C86F-41E2-8EE6-F822E48BBDA4}.Release|Any CPU.Build.0 = Release|Any CPU
		{67DEC0AD-3297-4878-BA44-7389DEB51E4B}.Debug|Any CPU.ActiveCfg = Debug|Any CPU
		{67DEC0AD-3297-4878-BA44-7389DEB51E4B}.Debug|Any CPU.Build.0 = Debug|Any CPU
		{67DEC0AD-3297-4878-BA44-7389DEB51E4B}.Release|Any CPU.ActiveCfg = Release|Any CPU
		{67DEC0AD-3297-4878-BA44-7389DEB51E4B}.Release|Any CPU.Build.0 = Release|Any CPU
		{387CBEF5-A02C-4E34-95BD-7CCC3833037E}.Debug|Any CPU.ActiveCfg = Debug|Any CPU
		{387CBEF5-A02C-4E34-95BD-7CCC3833037E}.Debug|Any CPU.Build.0 = Debug|Any CPU
		{387CBEF5-A02C-4E34-95BD-7CCC3833037E}.Release|Any CPU.ActiveCfg = Release|Any CPU
		{387CBEF5-A02C-4E34-95BD-7CCC3833037E}.Release|Any CPU.Build.0 = Release|Any CPU
		{6F961334-BA52-4360-AE48-052B4FBCC82D}.Debug|Any CPU.ActiveCfg = Debug|Any CPU
		{6F961334-BA52-4360-AE48-052B4FBCC82D}.Debug|Any CPU.Build.0 = Debug|Any CPU
		{6F961334-BA52-4360-AE48-052B4FBCC82D}.Release|Any CPU.ActiveCfg = Release|Any CPU
		{6F961334-BA52-4360-AE48-052B4FBCC82D}.Release|Any CPU.Build.0 = Release|Any CPU
		{A9F5205F-4721-4707-B662-2514609676D5}.Debug|Any CPU.ActiveCfg = Debug|Any CPU
		{A9F5205F-4721-4707-B662-2514609676D5}.Debug|Any CPU.Build.0 = Debug|Any CPU
		{A9F5205F-4721-4707-B662-2514609676D5}.Release|Any CPU.ActiveCfg = Release|Any CPU
		{A9F5205F-4721-4707-B662-2514609676D5}.Release|Any CPU.Build.0 = Release|Any CPU
		{DDCED10A-DD30-4188-AC08-74C4699795F2}.Debug|Any CPU.ActiveCfg = Debug|Any CPU
		{DDCED10A-DD30-4188-AC08-74C4699795F2}.Debug|Any CPU.Build.0 = Debug|Any CPU
		{DDCED10A-DD30-4188-AC08-74C4699795F2}.Release|Any CPU.ActiveCfg = Release|Any CPU
		{DDCED10A-DD30-4188-AC08-74C4699795F2}.Release|Any CPU.Build.0 = Release|Any CPU
		{287117E6-439A-4537-B9F8-BB9DA765C22F}.Debug|Any CPU.ActiveCfg = Debug|Any CPU
		{287117E6-439A-4537-B9F8-BB9DA765C22F}.Debug|Any CPU.Build.0 = Debug|Any CPU
		{287117E6-439A-4537-B9F8-BB9DA765C22F}.Release|Any CPU.ActiveCfg = Release|Any CPU
		{287117E6-439A-4537-B9F8-BB9DA765C22F}.Release|Any CPU.Build.0 = Release|Any CPU
	EndGlobalSection
	GlobalSection(SolutionProperties) = preSolution
		HideSolutionNode = FALSE
	EndGlobalSection
	GlobalSection(NestedProjects) = preSolution
		{A43BC45F-7353-40FE-AD53-AD31FF1ECE36} = {C0CF0E6E-B18D-482E-B1C0-20B4E03291B4}
		{87030585-AB94-48C5-A2D4-EEACA260A9A5} = {C0CF0E6E-B18D-482E-B1C0-20B4E03291B4}
		{F75DAE58-C86F-41E2-8EE6-F822E48BBDA4} = {A109BD4A-7173-4A91-8EC5-E52488DAB998}
		{67DEC0AD-3297-4878-BA44-7389DEB51E4B} = {D49EAB50-056A-440E-B19B-89E7857DE7CD}
		{387CBEF5-A02C-4E34-95BD-7CCC3833037E} = {D49EAB50-056A-440E-B19B-89E7857DE7CD}
		{6F961334-BA52-4360-AE48-052B4FBCC82D} = {B2E7BD5E-FFEA-4451-9077-9BF6F550F01F}
		{A9F5205F-4721-4707-B662-2514609676D5} = {10D16EA6-454E-4E66-9282-879C52A00C6B}
		{DDCED10A-DD30-4188-AC08-74C4699795F2} = {46FAA39D-A5F1-4162-BB79-BC23E1651147}
		{287117E6-439A-4537-B9F8-BB9DA765C22F} = {10D16EA6-454E-4E66-9282-879C52A00C6B}
	EndGlobalSection
	GlobalSection(ExtensibilityGlobals) = postSolution
		SolutionGuid = {972A479E-A0C1-45C6-8B21-E5BE0578CAF1}
	EndGlobalSection
EndGlobal
